// !$*UTF8*$!
{
	archiveVersion = 1;
	classes = {
	};
	objectVersion = 50;
	objects = {

/* Begin PBXBuildFile section */
		B2133148229BAD8F008B21AA /* AppDelegate.mm in Sources */ = {isa = PBXBuildFile; fileRef = B2133147229BAD8F008B21AA /* AppDelegate.mm */; };
		B213314A229BAD90008B21AA /* Assets.xcassets in Resources */ = {isa = PBXBuildFile; fileRef = B2133149229BAD90008B21AA /* Assets.xcassets */; };
		B213314D229BAD90008B21AA /* MainMenu.xib in Resources */ = {isa = PBXBuildFile; fileRef = B213314B229BAD90008B21AA /* MainMenu.xib */; };
		B2133150229BAD90008B21AA /* main.m in Sources */ = {isa = PBXBuildFile; fileRef = B213314F229BAD90008B21AA /* main.m */; };
		B26224DF22A2BB1F00AE061C /* common.m in Sources */ = {isa = PBXBuildFile; fileRef = B26224DE22A2BB1F00AE061C /* common.m */; };
		B27E3F0822A1DE3F0077194E /* IOBluetoothUI.framework in Frameworks */ = {isa = PBXBuildFile; fileRef = B27E3F0722A1DE3F0077194E /* IOBluetoothUI.framework */; };
		B2B4DFFE229F2E65002B6E3E /* dptrp1.framework in Frameworks */ = {isa = PBXBuildFile; fileRef = B2B4DFFD229F2E65002B6E3E /* dptrp1.framework */; };
		B2B4E000229F2EB0002B6E3E /* dptrp1.framework in Embed Frameworks */ = {isa = PBXBuildFile; fileRef = B2B4DFFD229F2E65002B6E3E /* dptrp1.framework */; settings = {ATTRIBUTES = (CodeSignOnCopy, RemoveHeadersOnCopy, ); }; };
		B2B4E002229F38DB002B6E3E /* Settings.xib in Resources */ = {isa = PBXBuildFile; fileRef = B2B4E001229F38DB002B6E3E /* Settings.xib */; };
		B2B4E005229F3DE7002B6E3E /* Settings.mm in Sources */ = {isa = PBXBuildFile; fileRef = B2B4E004229F3DE7002B6E3E /* Settings.mm */; };
		B2B4E00A22A0A4A3002B6E3E /* IOBluetooth.framework in Frameworks */ = {isa = PBXBuildFile; fileRef = B2B4E00622A0A476002B6E3E /* IOBluetooth.framework */; };
		B2B4E00C22A0CC5B002B6E3E /* SystemConfiguration.framework in Frameworks */ = {isa = PBXBuildFile; fileRef = B2B4E00B22A0CC5A002B6E3E /* SystemConfiguration.framework */; };
/* End PBXBuildFile section */

/* Begin PBXContainerItemProxy section */
		B262250422A2C5B300AE061C /* PBXContainerItemProxy */ = {
			isa = PBXContainerItemProxy;
			containerPortal = B262250022A2C5B200AE061C /* Dpt Air Bluetooth Helper.xcodeproj */;
			proxyType = 2;
			remoteGlobalIDString = B26224EB22A2C5B100AE061C;
			remoteInfo = "Dpt Air Bluetooth Helper";
		};
		B262250722A2C93300AE061C /* PBXContainerItemProxy */ = {
			isa = PBXContainerItemProxy;
			containerPortal = B262250022A2C5B200AE061C /* Dpt Air Bluetooth Helper.xcodeproj */;
			proxyType = 1;
			remoteGlobalIDString = B26224EA22A2C5B100AE061C;
			remoteInfo = "Dpt Air Bluetooth Helper";
		};
/* End PBXContainerItemProxy section */

/* Begin PBXCopyFilesBuildPhase section */
		B2B4DFF4229F2788002B6E3E /* Embed Frameworks */ = {
			isa = PBXCopyFilesBuildPhase;
			buildActionMask = 2147483647;
			dstPath = "";
			dstSubfolderSpec = 10;
			files = (
				B2B4E000229F2EB0002B6E3E /* dptrp1.framework in Embed Frameworks */,
			);
			name = "Embed Frameworks";
			runOnlyForDeploymentPostprocessing = 0;
		};
/* End PBXCopyFilesBuildPhase section */

/* Begin PBXFileReference section */
		B2133143229BAD8F008B21AA /* Dpt Air.app */ = {isa = PBXFileReference; explicitFileType = wrapper.application; includeInIndex = 0; path = "Dpt Air.app"; sourceTree = BUILT_PRODUCTS_DIR; };
		B2133146229BAD8F008B21AA /* AppDelegate.h */ = {isa = PBXFileReference; lastKnownFileType = sourcecode.c.h; path = AppDelegate.h; sourceTree = "<group>"; };
		B2133147229BAD8F008B21AA /* AppDelegate.mm */ = {isa = PBXFileReference; lastKnownFileType = sourcecode.cpp.objcpp; path = AppDelegate.mm; sourceTree = "<group>"; };
		B2133149229BAD90008B21AA /* Assets.xcassets */ = {isa = PBXFileReference; lastKnownFileType = folder.assetcatalog; path = Assets.xcassets; sourceTree = "<group>"; };
		B213314C229BAD90008B21AA /* Base */ = {isa = PBXFileReference; lastKnownFileType = file.xib; name = Base; path = Base.lproj/MainMenu.xib; sourceTree = "<group>"; };
		B213314E229BAD90008B21AA /* Info.plist */ = {isa = PBXFileReference; lastKnownFileType = text.plist.xml; path = Info.plist; sourceTree = "<group>"; };
		B213314F229BAD90008B21AA /* main.m */ = {isa = PBXFileReference; lastKnownFileType = sourcecode.c.objc; path = main.m; sourceTree = "<group>"; };
		B2133151229BAD90008B21AA /* Dpt_Air.entitlements */ = {isa = PBXFileReference; lastKnownFileType = text.plist.entitlements; path = Dpt_Air.entitlements; sourceTree = "<group>"; };
		B26224DD22A2BA8F00AE061C /* common.h */ = {isa = PBXFileReference; lastKnownFileType = sourcecode.c.h; path = common.h; sourceTree = "<group>"; };
		B26224DE22A2BB1F00AE061C /* common.m */ = {isa = PBXFileReference; lastKnownFileType = sourcecode.c.objc; path = common.m; sourceTree = "<group>"; };
		B262250022A2C5B200AE061C /* Dpt Air Bluetooth Helper.xcodeproj */ = {isa = PBXFileReference; lastKnownFileType = "wrapper.pb-project"; name = "Dpt Air Bluetooth Helper.xcodeproj"; path = "Dpt Air Bluetooth Helper/Dpt Air Bluetooth Helper.xcodeproj"; sourceTree = "<group>"; };
		B27E3F0722A1DE3F0077194E /* IOBluetoothUI.framework */ = {isa = PBXFileReference; lastKnownFileType = wrapper.framework; name = IOBluetoothUI.framework; path = System/Library/Frameworks/IOBluetoothUI.framework; sourceTree = SDKROOT; };
		B27E3F0D22A206CE0077194E /* Dpt Air.entitlements */ = {isa = PBXFileReference; lastKnownFileType = text.plist.entitlements; path = "Dpt Air.entitlements"; sourceTree = "<group>"; };
		B2B4DFFD229F2E65002B6E3E /* dptrp1.framework */ = {isa = PBXFileReference; lastKnownFileType = wrapper.framework; path = dptrp1.framework; sourceTree = "<group>"; };
		B2B4E001229F38DB002B6E3E /* Settings.xib */ = {isa = PBXFileReference; lastKnownFileType = file.xib; path = Settings.xib; sourceTree = "<group>"; };
		B2B4E003229F3DE7002B6E3E /* Settings.h */ = {isa = PBXFileReference; lastKnownFileType = sourcecode.c.h; path = Settings.h; sourceTree = "<group>"; };
		B2B4E004229F3DE7002B6E3E /* Settings.mm */ = {isa = PBXFileReference; lastKnownFileType = sourcecode.cpp.objcpp; path = Settings.mm; sourceTree = "<group>"; };
		B2B4E00622A0A476002B6E3E /* IOBluetooth.framework */ = {isa = PBXFileReference; lastKnownFileType = wrapper.framework; name = IOBluetooth.framework; path = System/Library/Frameworks/IOBluetooth.framework; sourceTree = SDKROOT; };
		B2B4E00B22A0CC5A002B6E3E /* SystemConfiguration.framework */ = {isa = PBXFileReference; lastKnownFileType = wrapper.framework; name = SystemConfiguration.framework; path = System/Library/Frameworks/SystemConfiguration.framework; sourceTree = SDKROOT; };
/* End PBXFileReference section */

/* Begin PBXFrameworksBuildPhase section */
		B2133140229BAD8F008B21AA /* Frameworks */ = {
			isa = PBXFrameworksBuildPhase;
			buildActionMask = 2147483647;
			files = (
				B27E3F0822A1DE3F0077194E /* IOBluetoothUI.framework in Frameworks */,
				B2B4E00C22A0CC5B002B6E3E /* SystemConfiguration.framework in Frameworks */,
				B2B4E00A22A0A4A3002B6E3E /* IOBluetooth.framework in Frameworks */,
				B2B4DFFE229F2E65002B6E3E /* dptrp1.framework in Frameworks */,
			);
			runOnlyForDeploymentPostprocessing = 0;
		};
/* End PBXFrameworksBuildPhase section */

/* Begin PBXGroup section */
		B213313A229BAD8F008B21AA = {
			isa = PBXGroup;
			children = (
				B262250022A2C5B200AE061C /* Dpt Air Bluetooth Helper.xcodeproj */,
				B2133145229BAD8F008B21AA /* Dpt Air */,
				B2133144229BAD8F008B21AA /* Products */,
				B2B4DFC5229F1F9A002B6E3E /* Frameworks */,
			);
			sourceTree = "<group>";
		};
		B2133144229BAD8F008B21AA /* Products */ = {
			isa = PBXGroup;
			children = (
				B2133143229BAD8F008B21AA /* Dpt Air.app */,
			);
			name = Products;
			sourceTree = "<group>";
		};
		B2133145229BAD8F008B21AA /* Dpt Air */ = {
			isa = PBXGroup;
			children = (
				B27E3F0D22A206CE0077194E /* Dpt Air.entitlements */,
				B26224DD22A2BA8F00AE061C /* common.h */,
				B26224DE22A2BB1F00AE061C /* common.m */,
				B213314B229BAD90008B21AA /* MainMenu.xib */,
				B2133146229BAD8F008B21AA /* AppDelegate.h */,
				B2133147229BAD8F008B21AA /* AppDelegate.mm */,
				B2133149229BAD90008B21AA /* Assets.xcassets */,
				B213314E229BAD90008B21AA /* Info.plist */,
				B213314F229BAD90008B21AA /* main.m */,
				B2133151229BAD90008B21AA /* Dpt_Air.entitlements */,
				B2B4E001229F38DB002B6E3E /* Settings.xib */,
				B2B4E003229F3DE7002B6E3E /* Settings.h */,
				B2B4E004229F3DE7002B6E3E /* Settings.mm */,
			);
			path = "Dpt Air";
			sourceTree = "<group>";
		};
		B262250122A2C5B200AE061C /* Products */ = {
			isa = PBXGroup;
			children = (
				B262250522A2C5B300AE061C /* Dpt Air Bluetooth Helper.app */,
			);
			name = Products;
			sourceTree = "<group>";
		};
		B2B4DFC5229F1F9A002B6E3E /* Frameworks */ = {
			isa = PBXGroup;
			children = (
				B27E3F0722A1DE3F0077194E /* IOBluetoothUI.framework */,
				B2B4E00B22A0CC5A002B6E3E /* SystemConfiguration.framework */,
				B2B4E00622A0A476002B6E3E /* IOBluetooth.framework */,
				B2B4DFFD229F2E65002B6E3E /* dptrp1.framework */,
			);
			name = Frameworks;
			sourceTree = "<group>";
		};
/* End PBXGroup section */

/* Begin PBXNativeTarget section */
		B2133142229BAD8F008B21AA /* Dpt Air */ = {
			isa = PBXNativeTarget;
			buildConfigurationList = B2133154229BAD90008B21AA /* Build configuration list for PBXNativeTarget "Dpt Air" */;
			buildPhases = (
				B213313F229BAD8F008B21AA /* Sources */,
				B2133140229BAD8F008B21AA /* Frameworks */,
				B2133141229BAD8F008B21AA /* Resources */,
				B2B4DFF4229F2788002B6E3E /* Embed Frameworks */,
			);
			buildRules = (
			);
			dependencies = (
				B262250822A2C93300AE061C /* PBXTargetDependency */,
			);
			name = "Dpt Air";
			productName = "Dpt Air";
			productReference = B2133143229BAD8F008B21AA /* Dpt Air.app */;
			productType = "com.apple.product-type.application";
		};
/* End PBXNativeTarget section */

/* Begin PBXProject section */
		B213313B229BAD8F008B21AA /* Project object */ = {
			isa = PBXProject;
			attributes = {
				LastUpgradeCheck = 1020;
				ORGANIZATIONNAME = "Yu Li";
				TargetAttributes = {
					B2133142229BAD8F008B21AA = {
						CreatedOnToolsVersion = 10.2.1;
						SystemCapabilities = {
							com.apple.ApplicationGroups.Mac = {
								enabled = 1;
							};
							com.apple.HardenedRuntime = {
								enabled = 0;
							};
							com.apple.Sandbox = {
								enabled = 1;
							};
						};
					};
				};
			};
			buildConfigurationList = B213313E229BAD8F008B21AA /* Build configuration list for PBXProject "Dpt Air" */;
			compatibilityVersion = "Xcode 9.3";
			developmentRegion = en;
			hasScannedForEncodings = 0;
			knownRegions = (
				en,
				Base,
			);
			mainGroup = B213313A229BAD8F008B21AA;
			productRefGroup = B2133144229BAD8F008B21AA /* Products */;
			projectDirPath = "";
			projectReferences = (
				{
					ProductGroup = B262250122A2C5B200AE061C /* Products */;
					ProjectRef = B262250022A2C5B200AE061C /* Dpt Air Bluetooth Helper.xcodeproj */;
				},
			);
			projectRoot = "";
			targets = (
				B2133142229BAD8F008B21AA /* Dpt Air */,
			);
		};
/* End PBXProject section */

/* Begin PBXReferenceProxy section */
		B262250522A2C5B300AE061C /* Dpt Air Bluetooth Helper.app */ = {
			isa = PBXReferenceProxy;
			fileType = wrapper.application;
			path = "Dpt Air Bluetooth Helper.app";
			remoteRef = B262250422A2C5B300AE061C /* PBXContainerItemProxy */;
			sourceTree = BUILT_PRODUCTS_DIR;
		};
/* End PBXReferenceProxy section */

/* Begin PBXResourcesBuildPhase section */
		B2133141229BAD8F008B21AA /* Resources */ = {
			isa = PBXResourcesBuildPhase;
			buildActionMask = 2147483647;
			files = (
				B213314A229BAD90008B21AA /* Assets.xcassets in Resources */,
				B2B4E002229F38DB002B6E3E /* Settings.xib in Resources */,
				B213314D229BAD90008B21AA /* MainMenu.xib in Resources */,
			);
			runOnlyForDeploymentPostprocessing = 0;
		};
/* End PBXResourcesBuildPhase section */

/* Begin PBXSourcesBuildPhase section */
		B213313F229BAD8F008B21AA /* Sources */ = {
			isa = PBXSourcesBuildPhase;
			buildActionMask = 2147483647;
			files = (
				B26224DF22A2BB1F00AE061C /* common.m in Sources */,
				B2133150229BAD90008B21AA /* main.m in Sources */,
				B2133148229BAD8F008B21AA /* AppDelegate.mm in Sources */,
				B2B4E005229F3DE7002B6E3E /* Settings.mm in Sources */,
			);
			runOnlyForDeploymentPostprocessing = 0;
		};
/* End PBXSourcesBuildPhase section */

/* Begin PBXTargetDependency section */
		B262250822A2C93300AE061C /* PBXTargetDependency */ = {
			isa = PBXTargetDependency;
			name = "Dpt Air Bluetooth Helper";
			targetProxy = B262250722A2C93300AE061C /* PBXContainerItemProxy */;
		};
/* End PBXTargetDependency section */

/* Begin PBXVariantGroup section */
		B213314B229BAD90008B21AA /* MainMenu.xib */ = {
			isa = PBXVariantGroup;
			children = (
				B213314C229BAD90008B21AA /* Base */,
			);
			name = MainMenu.xib;
			sourceTree = "<group>";
		};
/* End PBXVariantGroup section */

/* Begin XCBuildConfiguration section */
		B2133152229BAD90008B21AA /* Debug */ = {
			isa = XCBuildConfiguration;
			buildSettings = {
				ALWAYS_SEARCH_USER_PATHS = NO;
				CLANG_ANALYZER_NONNULL = YES;
				CLANG_ANALYZER_NUMBER_OBJECT_CONVERSION = YES_AGGRESSIVE;
				CLANG_CXX_LANGUAGE_STANDARD = "gnu++14";
				CLANG_CXX_LIBRARY = "libc++";
				CLANG_ENABLE_MODULES = YES;
				CLANG_ENABLE_OBJC_ARC = YES;
				CLANG_ENABLE_OBJC_WEAK = YES;
				CLANG_WARN_BLOCK_CAPTURE_AUTORELEASING = YES;
				CLANG_WARN_BOOL_CONVERSION = YES;
				CLANG_WARN_COMMA = YES;
				CLANG_WARN_CONSTANT_CONVERSION = YES;
				CLANG_WARN_DEPRECATED_OBJC_IMPLEMENTATIONS = YES;
				CLANG_WARN_DIRECT_OBJC_ISA_USAGE = YES_ERROR;
				CLANG_WARN_DOCUMENTATION_COMMENTS = YES;
				CLANG_WARN_EMPTY_BODY = YES;
				CLANG_WARN_ENUM_CONVERSION = YES;
				CLANG_WARN_INFINITE_RECURSION = YES;
				CLANG_WARN_INT_CONVERSION = YES;
				CLANG_WARN_NON_LITERAL_NULL_CONVERSION = YES;
				CLANG_WARN_OBJC_IMPLICIT_RETAIN_SELF = YES;
				CLANG_WARN_OBJC_LITERAL_CONVERSION = YES;
				CLANG_WARN_OBJC_ROOT_CLASS = YES_ERROR;
				CLANG_WARN_RANGE_LOOP_ANALYSIS = YES;
				CLANG_WARN_STRICT_PROTOTYPES = YES;
				CLANG_WARN_SUSPICIOUS_MOVE = YES;
				CLANG_WARN_UNGUARDED_AVAILABILITY = YES_AGGRESSIVE;
				CLANG_WARN_UNREACHABLE_CODE = YES;
				CLANG_WARN__DUPLICATE_METHOD_MATCH = YES;
				CODE_SIGN_IDENTITY = "Mac Developer";
				COPY_PHASE_STRIP = NO;
				DEBUG_INFORMATION_FORMAT = dwarf;
				ENABLE_STRICT_OBJC_MSGSEND = YES;
				ENABLE_TESTABILITY = YES;
				GCC_C_LANGUAGE_STANDARD = gnu11;
				GCC_DYNAMIC_NO_PIC = NO;
				GCC_NO_COMMON_BLOCKS = YES;
				GCC_OPTIMIZATION_LEVEL = 0;
				GCC_PREPROCESSOR_DEFINITIONS = (
					"DEBUG=1",
					"$(inherited)",
				);
				GCC_WARN_64_TO_32_BIT_CONVERSION = YES;
				GCC_WARN_ABOUT_RETURN_TYPE = YES_ERROR;
				GCC_WARN_UNDECLARED_SELECTOR = YES;
				GCC_WARN_UNINITIALIZED_AUTOS = YES_AGGRESSIVE;
				GCC_WARN_UNUSED_FUNCTION = YES;
				GCC_WARN_UNUSED_VARIABLE = YES;
				MACOSX_DEPLOYMENT_TARGET = 10.14;
				MTL_ENABLE_DEBUG_INFO = INCLUDE_SOURCE;
				MTL_FAST_MATH = YES;
				ONLY_ACTIVE_ARCH = YES;
				SDKROOT = macosx;
			};
			name = Debug;
		};
		B2133153229BAD90008B21AA /* Release */ = {
			isa = XCBuildConfiguration;
			buildSettings = {
				ALWAYS_SEARCH_USER_PATHS = NO;
				CLANG_ANALYZER_NONNULL = YES;
				CLANG_ANALYZER_NUMBER_OBJECT_CONVERSION = YES_AGGRESSIVE;
				CLANG_CXX_LANGUAGE_STANDARD = "gnu++14";
				CLANG_CXX_LIBRARY = "libc++";
				CLANG_ENABLE_MODULES = YES;
				CLANG_ENABLE_OBJC_ARC = YES;
				CLANG_ENABLE_OBJC_WEAK = YES;
				CLANG_WARN_BLOCK_CAPTURE_AUTORELEASING = YES;
				CLANG_WARN_BOOL_CONVERSION = YES;
				CLANG_WARN_COMMA = YES;
				CLANG_WARN_CONSTANT_CONVERSION = YES;
				CLANG_WARN_DEPRECATED_OBJC_IMPLEMENTATIONS = YES;
				CLANG_WARN_DIRECT_OBJC_ISA_USAGE = YES_ERROR;
				CLANG_WARN_DOCUMENTATION_COMMENTS = YES;
				CLANG_WARN_EMPTY_BODY = YES;
				CLANG_WARN_ENUM_CONVERSION = YES;
				CLANG_WARN_INFINITE_RECURSION = YES;
				CLANG_WARN_INT_CONVERSION = YES;
				CLANG_WARN_NON_LITERAL_NULL_CONVERSION = YES;
				CLANG_WARN_OBJC_IMPLICIT_RETAIN_SELF = YES;
				CLANG_WARN_OBJC_LITERAL_CONVERSION = YES;
				CLANG_WARN_OBJC_ROOT_CLASS = YES_ERROR;
				CLANG_WARN_RANGE_LOOP_ANALYSIS = YES;
				CLANG_WARN_STRICT_PROTOTYPES = YES;
				CLANG_WARN_SUSPICIOUS_MOVE = YES;
				CLANG_WARN_UNGUARDED_AVAILABILITY = YES_AGGRESSIVE;
				CLANG_WARN_UNREACHABLE_CODE = YES;
				CLANG_WARN__DUPLICATE_METHOD_MATCH = YES;
				CODE_SIGN_IDENTITY = "Mac Developer";
				COPY_PHASE_STRIP = NO;
				DEBUG_INFORMATION_FORMAT = "dwarf-with-dsym";
				ENABLE_NS_ASSERTIONS = NO;
				ENABLE_STRICT_OBJC_MSGSEND = YES;
				GCC_C_LANGUAGE_STANDARD = gnu11;
				GCC_NO_COMMON_BLOCKS = YES;
				GCC_WARN_64_TO_32_BIT_CONVERSION = YES;
				GCC_WARN_ABOUT_RETURN_TYPE = YES_ERROR;
				GCC_WARN_UNDECLARED_SELECTOR = YES;
				GCC_WARN_UNINITIALIZED_AUTOS = YES_AGGRESSIVE;
				GCC_WARN_UNUSED_FUNCTION = YES;
				GCC_WARN_UNUSED_VARIABLE = YES;
				MACOSX_DEPLOYMENT_TARGET = 10.14;
				MTL_ENABLE_DEBUG_INFO = NO;
				MTL_FAST_MATH = YES;
				SDKROOT = macosx;
			};
			name = Release;
		};
		B2133155229BAD90008B21AA /* Debug */ = {
			isa = XCBuildConfiguration;
			buildSettings = {
				ASSETCATALOG_COMPILER_APPICON_NAME = AppIcon;
				CODE_SIGN_ENTITLEMENTS = "Dpt Air/Dpt Air.entitlements";
				CODE_SIGN_STYLE = Automatic;
				COMBINE_HIDPI_IMAGES = YES;
				DEVELOPMENT_TEAM = JAL3299Z9M;
				FRAMEWORK_SEARCH_PATHS = "$(PROJECT_DIR)";
				HEADER_SEARCH_PATHS = (
					"$(PROJECT_DIR)/dptrp1.framework/Headers",
					/usr/local/Cellar/boost/1.69.0_2/include/,
				);
				INFOPLIST_FILE = "Dpt Air/Info.plist";
				LD_RUNPATH_SEARCH_PATHS = (
					"$(inherited)",
					"@executable_path/../Frameworks",
				);
				OTHER_CODE_SIGN_FLAGS = "--deep";
				PRODUCT_BUNDLE_IDENTIFIER = "com.dpt-air.Dpt-Air";
				PRODUCT_NAME = "$(TARGET_NAME)";
			};
			name = Debug;
		};
		B2133156229BAD90008B21AA /* Release */ = {
			isa = XCBuildConfiguration;
			buildSettings = {
				ASSETCATALOG_COMPILER_APPICON_NAME = AppIcon;
				CODE_SIGN_ENTITLEMENTS = "Dpt Air/Dpt Air.entitlements";
				CODE_SIGN_STYLE = Automatic;
				COMBINE_HIDPI_IMAGES = YES;
				DEVELOPMENT_TEAM = JAL3299Z9M;
				FRAMEWORK_SEARCH_PATHS = "$(PROJECT_DIR)";
				HEADER_SEARCH_PATHS = (
					"$(PROJECT_DIR)/dptrp1.framework/Headers",
					/usr/local/Cellar/boost/1.69.0_2/include/,
				);
				INFOPLIST_FILE = "Dpt Air/Info.plist";
				LD_RUNPATH_SEARCH_PATHS = (
					"$(inherited)",
					"@executable_path/../Frameworks",
				);
				OTHER_CODE_SIGN_FLAGS = "--deep";
				PRODUCT_BUNDLE_IDENTIFIER = "com.dpt-air.Dpt-Air";
				PRODUCT_NAME = "$(TARGET_NAME)";
			};
			name = Release;
		};
/* End XCBuildConfiguration section */

/* Begin XCConfigurationList section */
		B213313E229BAD8F008B21AA /* Build configuration list for PBXProject "Dpt Air" */ = {
			isa = XCConfigurationList;
			buildConfigurations = (
				B2133152229BAD90008B21AA /* Debug */,
				B2133153229BAD90008B21AA /* Release */,
			);
			defaultConfigurationIsVisible = 0;
			defaultConfigurationName = Release;
		};
		B2133154229BAD90008B21AA /* Build configuration list for PBXNativeTarget "Dpt Air" */ = {
			isa = XCConfigurationList;
			buildConfigurations = (
				B2133155229BAD90008B21AA /* Debug */,
				B2133156229BAD90008B21AA /* Release */,
			);
			defaultConfigurationIsVisible = 0;
			defaultConfigurationName = Release;
		};
/* End XCConfigurationList section */
	};
	rootObject = B213313B229BAD8F008B21AA /* Project object */;
}
